
Microsoft Visual Studio Solution File, Format Version 12.00
# Visual Studio Version 17
VisualStudioVersion = 17.8.34322.80
MinimumVisualStudioVersion = 10.0.40219.1
Project("{2150E333-8FDC-42A3-9474-1A3956D46DE8}") = "src", "src", "{2597E5B5-5894-49D7-8879-60002AF680A6}"
EndProject
Project("{2150E333-8FDC-42A3-9474-1A3956D46DE8}") = "tests", "tests", "{5E673BA3-6095-4703-8D12-C0434A022070}"
EndProject
Project("{9A19103F-16F7-4668-BE54-9A1E7A4F7556}") = "InvoiceR.Domain", "InvoiceR.Domain\InvoiceR.Domain.csproj", "{C8A613FB-5356-48DD-8BAE-2830D9A2F587}"
EndProject
Project("{9A19103F-16F7-4668-BE54-9A1E7A4F7556}") = "InvoiceR.Application", "InvoiceR.Application\InvoiceR.Application.csproj", "{F53FE95A-1945-4A5B-88B7-FA2433096429}"
EndProject
Project("{9A19103F-16F7-4668-BE54-9A1E7A4F7556}") = "InvoiceR.Infrastructure", "InvoiceR.Infrastructure\InvoiceR.Infrastructure.csproj", "{C4ADFC15-9719-41F1-BDCC-2A53D875EDD8}"
EndProject
Project("{9A19103F-16F7-4668-BE54-9A1E7A4F7556}") = "InvoiceR.Presentation", "InvoiceR.Presentation\InvoiceR.Presentation.csproj", "{A0D50EA1-2F9C-4D21-8E3B-84E1347CBB1D}"
EndProject
Project("{9A19103F-16F7-4668-BE54-9A1E7A4F7556}") = "InvoiceR.WebAPI", "InvoiceR.WebAPI\InvoiceR.WebAPI.csproj", "{D17C2BDE-B708-418C-A250-95C03D763C68}"
EndProject
Project("{2150E333-8FDC-42A3-9474-1A3956D46DE8}") = "Core", "Core", "{A11F62E0-0641-45EA-B692-19A797389D79}"
EndProject
Project("{2150E333-8FDC-42A3-9474-1A3956D46DE8}") = "External", "External", "{DD32E53E-3669-4EF9-B40D-2AABF5E8BC92}"
EndProject
Project("{9A19103F-16F7-4668-BE54-9A1E7A4F7556}") = "InvoiceR.UnitTests", "InvoiceR.UnitTests\InvoiceR.UnitTests.csproj", "{C75706A2-89EA-4522-8E03-AA711B17D503}"
EndProject
Project("{9A19103F-16F7-4668-BE54-9A1E7A4F7556}") = "InvoiceR.IntegrationTests", "InvoiceR.IntegrationTests\InvoiceR.IntegrationTests.csproj", "{1A27784A-5CAB-4595-B1E7-30DFEF90B556}"
EndProject
Project("{9A19103F-16F7-4668-BE54-9A1E7A4F7556}") = "InvoiceR.ArchitectureTests", "InvoiceR.ArchitectureTests\InvoiceR.ArchitectureTests.csproj", "{2465B0AC-5A18-4365-948B-6D66E9CF2784}"
EndProject
Project("{E53339B2-1760-4266-BCC7-CA923CBCF16C}") = "docker-compose", "docker-compose.dcproj", "{A9EDF354-C20A-4861-AF7B-4363D01C67C4}"
EndProject
Global
	GlobalSection(SolutionConfigurationPlatforms) = preSolution
		Debug|Any CPU = Debug|Any CPU
		Release|Any CPU = Release|Any CPU
	EndGlobalSection
	GlobalSection(ProjectConfigurationPlatforms) = postSolution
		{C8A613FB-5356-48DD-8BAE-2830D9A2F587}.Debug|Any CPU.ActiveCfg = Debug|Any CPU
		{C8A613FB-5356-48DD-8BAE-2830D9A2F587}.Debug|Any CPU.Build.0 = Debug|Any CPU
		{C8A613FB-5356-48DD-8BAE-2830D9A2F587}.Release|Any CPU.ActiveCfg = Release|Any CPU
		{C8A613FB-5356-48DD-8BAE-2830D9A2F587}.Release|Any CPU.Build.0 = Release|Any CPU
		{F53FE95A-1945-4A5B-88B7-FA2433096429}.Debug|Any CPU.ActiveCfg = Debug|Any CPU
		{F53FE95A-1945-4A5B-88B7-FA2433096429}.Debug|Any CPU.Build.0 = Debug|Any CPU
		{F53FE95A-1945-4A5B-88B7-FA2433096429}.Release|Any CPU.ActiveCfg = Release|Any CPU
		{F53FE95A-1945-4A5B-88B7-FA2433096429}.Release|Any CPU.Build.0 = Release|Any CPU
		{C4ADFC15-9719-41F1-BDCC-2A53D875EDD8}.Debug|Any CPU.ActiveCfg = Debug|Any CPU
		{C4ADFC15-9719-41F1-BDCC-2A53D875EDD8}.Debug|Any CPU.Build.0 = Debug|Any CPU
		{C4ADFC15-9719-41F1-BDCC-2A53D875EDD8}.Release|Any CPU.ActiveCfg = Release|Any CPU
		{C4ADFC15-9719-41F1-BDCC-2A53D875EDD8}.Release|Any CPU.Build.0 = Release|Any CPU
		{A0D50EA1-2F9C-4D21-8E3B-84E1347CBB1D}.Debug|Any CPU.ActiveCfg = Debug|Any CPU
		{A0D50EA1-2F9C-4D21-8E3B-84E1347CBB1D}.Debug|Any CPU.Build.0 = Debug|Any CPU
		{A0D50EA1-2F9C-4D21-8E3B-84E1347CBB1D}.Release|Any CPU.ActiveCfg = Release|Any CPU
		{A0D50EA1-2F9C-4D21-8E3B-84E1347CBB1D}.Release|Any CPU.Build.0 = Release|Any CPU
		{D17C2BDE-B708-418C-A250-95C03D763C68}.Debug|Any CPU.ActiveCfg = Debug|Any CPU
		{D17C2BDE-B708-418C-A250-95C03D763C68}.Debug|Any CPU.Build.0 = Debug|Any CPU
		{D17C2BDE-B708-418C-A250-95C03D763C68}.Release|Any CPU.ActiveCfg = Release|Any CPU
		{D17C2BDE-B708-418C-A250-95C03D763C68}.Release|Any CPU.Build.0 = Release|Any CPU
		{C75706A2-89EA-4522-8E03-AA711B17D503}.Debug|Any CPU.ActiveCfg = Debug|Any CPU
		{C75706A2-89EA-4522-8E03-AA711B17D503}.Debug|Any CPU.Build.0 = Debug|Any CPU
		{C75706A2-89EA-4522-8E03-AA711B17D503}.Release|Any CPU.ActiveCfg = Release|Any CPU
		{C75706A2-89EA-4522-8E03-AA711B17D503}.Release|Any CPU.Build.0 = Release|Any CPU
		{1A27784A-5CAB-4595-B1E7-30DFEF90B556}.Debug|Any CPU.ActiveCfg = Debug|Any CPU
		{1A27784A-5CAB-4595-B1E7-30DFEF90B556}.Debug|Any CPU.Build.0 = Debug|Any CPU
		{1A27784A-5CAB-4595-B1E7-30DFEF90B556}.Release|Any CPU.ActiveCfg = Release|Any CPU
		{1A27784A-5CAB-4595-B1E7-30DFEF90B556}.Release|Any CPU.Build.0 = Release|Any CPU
		{2465B0AC-5A18-4365-948B-6D66E9CF2784}.Debug|Any CPU.ActiveCfg = Debug|Any CPU
		{2465B0AC-5A18-4365-948B-6D66E9CF2784}.Debug|Any CPU.Build.0 = Debug|Any CPU
		{2465B0AC-5A18-4365-948B-6D66E9CF2784}.Release|Any CPU.ActiveCfg = Release|Any CPU
		{2465B0AC-5A18-4365-948B-6D66E9CF2784}.Release|Any CPU.Build.0 = Release|Any CPU
		{A9EDF354-C20A-4861-AF7B-4363D01C67C4}.Debug|Any CPU.ActiveCfg = Debug|Any CPU
		{A9EDF354-C20A-4861-AF7B-4363D01C67C4}.Debug|Any CPU.Build.0 = Debug|Any CPU
		{A9EDF354-C20A-4861-AF7B-4363D01C67C4}.Release|Any CPU.ActiveCfg = Release|Any CPU
		{A9EDF354-C20A-4861-AF7B-4363D01C67C4}.Release|Any CPU.Build.0 = Release|Any CPU
	EndGlobalSection
	GlobalSection(SolutionProperties) = preSolution
		HideSolutionNode = FALSE
	EndGlobalSection
	GlobalSection(NestedProjects) = preSolution
		{C8A613FB-5356-48DD-8BAE-2830D9A2F587} = {A11F62E0-0641-45EA-B692-19A797389D79}
		{F53FE95A-1945-4A5B-88B7-FA2433096429} = {A11F62E0-0641-45EA-B692-19A797389D79}
		{C4ADFC15-9719-41F1-BDCC-2A53D875EDD8} = {DD32E53E-3669-4EF9-B40D-2AABF5E8BC92}
		{A0D50EA1-2F9C-4D21-8E3B-84E1347CBB1D} = {DD32E53E-3669-4EF9-B40D-2AABF5E8BC92}
		{D17C2BDE-B708-418C-A250-95C03D763C68} = {2597E5B5-5894-49D7-8879-60002AF680A6}
		{A11F62E0-0641-45EA-B692-19A797389D79} = {2597E5B5-5894-49D7-8879-60002AF680A6}
		{DD32E53E-3669-4EF9-B40D-2AABF5E8BC92} = {2597E5B5-5894-49D7-8879-60002AF680A6}
		{C75706A2-89EA-4522-8E03-AA711B17D503} = {5E673BA3-6095-4703-8D12-C0434A022070}
		{1A27784A-5CAB-4595-B1E7-30DFEF90B556} = {5E673BA3-6095-4703-8D12-C0434A022070}
		{2465B0AC-5A18-4365-948B-6D66E9CF2784} = {5E673BA3-6095-4703-8D12-C0434A022070}
	EndGlobalSection
	GlobalSection(ExtensibilityGlobals) = postSolution
		SolutionGuid = {501AC198-07AC-4531-A2F6-B3543DA96F9A}
	EndGlobalSection
EndGlobal
